
Microsoft Visual Studio Solution File, Format Version 12.00
# Visual Studio 15
VisualStudioVersion = 15.0.27703.2035
MinimumVisualStudioVersion = 10.0.40219.1
Project("{FAE04EC0-301F-11D3-BF4B-00C04F79EFBC}") = "Dj.Categorisa", "Dj.Categorisa\Dj.Categorisa.csproj", "{735D307C-E079-42FF-9ADA-0D87A80B524B}"
EndProject
Project("{FAE04EC0-301F-11D3-BF4B-00C04F79EFBC}") = "SongHandler", "SongHandler\SongHandler.csproj", "{82220B33-3515-41E8-9937-7450A1571CDC}"
EndProject
Project("{FAE04EC0-301F-11D3-BF4B-00C04F79EFBC}") = "SongHandlerInterface", "SongHandlerInterface\SongHandlerInterface.csproj", "{D22B1717-FBB1-4CCB-8527-ED6B75ED2F4E}"
EndProject
Global
	GlobalSection(SolutionConfigurationPlatforms) = preSolution
		Debug|Any CPU = Debug|Any CPU
		Release|Any CPU = Release|Any CPU
	EndGlobalSection
	GlobalSection(ProjectConfigurationPlatforms) = postSolution
		{735D307C-E079-42FF-9ADA-0D87A80B524B}.Debug|Any CPU.ActiveCfg = Debug|Any CPU
		{735D307C-E079-42FF-9ADA-0D87A80B524B}.Debug|Any CPU.Build.0 = Debug|Any CPU
		{735D307C-E079-42FF-9ADA-0D87A80B524B}.Release|Any CPU.ActiveCfg = Release|Any CPU
		{735D307C-E079-42FF-9ADA-0D87A80B524B}.Release|Any CPU.Build.0 = Release|Any CPU
		{82220B33-3515-41E8-9937-7450A1571CDC}.Debug|Any CPU.ActiveCfg = Debug|Any CPU
		{82220B33-3515-41E8-9937-7450A1571CDC}.Debug|Any CPU.Build.0 = Debug|Any CPU
		{82220B33-3515-41E8-9937-7450A1571CDC}.Release|Any CPU.ActiveCfg = Release|Any CPU
		{82220B33-3515-41E8-9937-7450A1571CDC}.Release|Any CPU.Build.0 = Release|Any CPU
		{D22B1717-FBB1-4CCB-8527-ED6B75ED2F4E}.Debug|Any CPU.ActiveCfg = Debug|Any CPU
		{D22B1717-FBB1-4CCB-8527-ED6B75ED2F4E}.Debug|Any CPU.Build.0 = Debug|Any CPU
		{D22B1717-FBB1-4CCB-8527-ED6B75ED2F4E}.Release|Any CPU.ActiveCfg = Release|Any CPU
		{D22B1717-FBB1-4CCB-8527-ED6B75ED2F4E}.Release|Any CPU.Build.0 = Release|Any CPU
	EndGlobalSection
	GlobalSection(SolutionProperties) = preSolution
		HideSolutionNode = FALSE
	EndGlobalSection
	GlobalSection(ExtensibilityGlobals) = postSolution
		SolutionGuid = {C609A409-50FA-4B62-9E9A-E98DE1323E02}
	EndGlobalSection
EndGlobal
